{
  "nodes": {
    "flake-utils": {
      "locked": {
        "lastModified": 1610051610,
        "narHash": "sha256-U9rPz/usA1/Aohhk7Cmc2gBrEEKRzcW4nwPWMPwja4Y=",
        "owner": "numtide",
        "repo": "flake-utils",
        "rev": "3982c9903e93927c2164caa727cd3f6a0e6d14cc",
        "type": "github"
      },
      "original": {
        "owner": "numtide",
        "repo": "flake-utils",
        "type": "github"
      }
    },
    "nixpkgs": {
      "locked": {
        "lastModified": 1612483052,
        "narHash": "sha256-qj75uOEXA8KnF5+JkRGoNhPWHbhTjl8zo4QsuG1k5wM=",
        "owner": "lopsided98",
        "repo": "nixpkgs",
        "rev": "b65b13fa8ce76c90be96cfd13f143021dd55a4fb",
        "type": "github"
      },
      "original": {
        "owner": "lopsided98",
        "ref": "aioinflux-init",
        "repo": "nixpkgs",
        "type": "github"
      }
    },
    "root": {
      "inputs": {
        "flake-utils": "flake-utils",
        "nixpkgs": "nixpkgs"
      }
    }
  },
  "root": "root",
  "version": 7
}
